
Microsoft Visual Studio Solution File, Format Version 12.00
# Visual Studio Version 16
VisualStudioVersion = 16.0.31911.196
MinimumVisualStudioVersion = 10.0.40219.1
Project("{FAE04EC0-301F-11D3-BF4B-00C04F79EFBC}") = "TermProjectBookkeeping", "TermProjectBookkeeping.csproj", "{F1616B4C-0EA1-4EA1-8D67-74A4DBFC4056}"
EndProject
Project("{FAE04EC0-301F-11D3-BF4B-00C04F79EFBC}") = "TermProjectBookkeepingTests", "..\TermProjectBookkeepingTests\TermProjectBookkeepingTests.csproj", "{8B1E32A3-75B3-4DAC-9921-7056AFC3562A}"
EndProject
Project("{9A19103F-16F7-4668-BE54-9A1E7A4F7556}") = "MyLib", "..\MyLib\MyLib.csproj", "{D4996D49-E6BE-4CEB-A86B-B8E488FFBF8D}"
EndProject
Project("{FAE04EC0-301F-11D3-BF4B-00C04F79EFBC}") = "TermProjectFacultyC", "..\TermProjectFacultyC\TermProjectFacultyC.csproj", "{0416C7F1-22A9-4ECA-B610-454B46F2C8BC}"
EndProject
Global
	GlobalSection(SolutionConfigurationPlatforms) = preSolution
		Debug|Any CPU = Debug|Any CPU
		Release|Any CPU = Release|Any CPU
	EndGlobalSection
	GlobalSection(ProjectConfigurationPlatforms) = postSolution
		{F1616B4C-0EA1-4EA1-8D67-74A4DBFC4056}.Debug|Any CPU.ActiveCfg = Debug|Any CPU
		{F1616B4C-0EA1-4EA1-8D67-74A4DBFC4056}.Debug|Any CPU.Build.0 = Debug|Any CPU
		{F1616B4C-0EA1-4EA1-8D67-74A4DBFC4056}.Release|Any CPU.ActiveCfg = Release|Any CPU
		{F1616B4C-0EA1-4EA1-8D67-74A4DBFC4056}.Release|Any CPU.Build.0 = Release|Any CPU
		{8B1E32A3-75B3-4DAC-9921-7056AFC3562A}.Debug|Any CPU.ActiveCfg = Debug|Any CPU
		{8B1E32A3-75B3-4DAC-9921-7056AFC3562A}.Debug|Any CPU.Build.0 = Debug|Any CPU
		{8B1E32A3-75B3-4DAC-9921-7056AFC3562A}.Release|Any CPU.ActiveCfg = Release|Any CPU
		{8B1E32A3-75B3-4DAC-9921-7056AFC3562A}.Release|Any CPU.Build.0 = Release|Any CPU
		{D4996D49-E6BE-4CEB-A86B-B8E488FFBF8D}.Debug|Any CPU.ActiveCfg = Debug|Any CPU
		{D4996D49-E6BE-4CEB-A86B-B8E488FFBF8D}.Debug|Any CPU.Build.0 = Debug|Any CPU
		{D4996D49-E6BE-4CEB-A86B-B8E488FFBF8D}.Release|Any CPU.ActiveCfg = Release|Any CPU
		{D4996D49-E6BE-4CEB-A86B-B8E488FFBF8D}.Release|Any CPU.Build.0 = Release|Any CPU
		{0416C7F1-22A9-4ECA-B610-454B46F2C8BC}.Debug|Any CPU.ActiveCfg = Debug|Any CPU
		{0416C7F1-22A9-4ECA-B610-454B46F2C8BC}.Debug|Any CPU.Build.0 = Debug|Any CPU
		{0416C7F1-22A9-4ECA-B610-454B46F2C8BC}.Release|Any CPU.ActiveCfg = Release|Any CPU
		{0416C7F1-22A9-4ECA-B610-454B46F2C8BC}.Release|Any CPU.Build.0 = Release|Any CPU
	EndGlobalSection
	GlobalSection(SolutionProperties) = preSolution
		HideSolutionNode = FALSE
	EndGlobalSection
	GlobalSection(ExtensibilityGlobals) = postSolution
		SolutionGuid = {102FDC82-AADF-43A8-A2E4-08D77D1C5B58}
	EndGlobalSection
EndGlobal
